
Microsoft Visual Studio Solution File, Format Version 12.00
Project("{FAE04EC0-301F-11D3-BF4B-00C04F79EFBC}") = "CommonPackages", "CommonPackages\CommonPackages.csproj", "{D227F610-B181-453F-A267-1D1AD595A0D9}"
EndProject
Project("{FAE04EC0-301F-11D3-BF4B-00C04F79EFBC}") = "CommonPackages.Tests", "CommonPackages.Tests\CommonPackages.Tests.csproj", "{4A0B3084-7E28-4AE4-B7C1-69A9E1C16285}"
EndProject
Global
	GlobalSection(SolutionConfigurationPlatforms) = preSolution
		Debug|Any CPU = Debug|Any CPU
		Release|Any CPU = Release|Any CPU
	EndGlobalSection
	GlobalSection(ProjectConfigurationPlatforms) = postSolution
		{D227F610-B181-453F-A267-1D1AD595A0D9}.Debug|Any CPU.ActiveCfg = Debug|Any CPU
		{D227F610-B181-453F-A267-1D1AD595A0D9}.Debug|Any CPU.Build.0 = Debug|Any CPU
		{D227F610-B181-453F-A267-1D1AD595A0D9}.Release|Any CPU.ActiveCfg = Release|Any CPU
		{D227F610-B181-453F-A267-1D1AD595A0D9}.Release|Any CPU.Build.0 = Release|Any CPU
		{4A0B3084-7E28-4AE4-B7C1-69A9E1C16285}.Debug|Any CPU.ActiveCfg = Debug|Any CPU
		{4A0B3084-7E28-4AE4-B7C1-69A9E1C16285}.Debug|Any CPU.Build.0 = Debug|Any CPU
		{4A0B3084-7E28-4AE4-B7C1-69A9E1C16285}.Release|Any CPU.ActiveCfg = Release|Any CPU
		{4A0B3084-7E28-4AE4-B7C1-69A9E1C16285}.Release|Any CPU.Build.0 = Release|Any CPU
	EndGlobalSection
EndGlobal
